
Microsoft Visual Studio Solution File, Format Version 12.00
# Visual Studio 15
VisualStudioVersion = 15.0.27130.2010
MinimumVisualStudioVersion = 10.0.40219.1
Project("{FAE04EC0-301F-11D3-BF4B-00C04F79EFBC}") = "Post.Model", "Model\Post.Model.csproj", "{EF872C3A-441A-46EF-B0E3-14DF6447F61D}"
EndProject
Project("{FAE04EC0-301F-11D3-BF4B-00C04F79EFBC}") = "DBInitializer", "DBInitializer\DBInitializer.csproj", "{21F36E7A-FD8D-4EAF-AE82-BC3502985F4C}"
EndProject
Project("{FAE04EC0-301F-11D3-BF4B-00C04F79EFBC}") = "Post.Api", "Post.Api\Post.Api.csproj", "{647FA8BE-2971-47CA-A59A-4DE6F26284A9}"
EndProject
Project("{FAE04EC0-301F-11D3-BF4B-00C04F79EFBC}") = "Post.WinFormsClient", "Post.WinFormsClient\Post.WinFormsClient.csproj", "{88BA599E-E459-435F-96C7-F271CC931606}"
EndProject
Project("{FAE04EC0-301F-11D3-BF4B-00C04F79EFBC}") = "Post.WebAppAdmin", "Post.WebAppAdmin\Post.WebAppAdmin.csproj", "{E22C1CAC-1113-4C11-92FF-A81F72CBEE16}"
EndProject
Global
	GlobalSection(SolutionConfigurationPlatforms) = preSolution
		Debug|Any CPU = Debug|Any CPU
		Release|Any CPU = Release|Any CPU
	EndGlobalSection
	GlobalSection(ProjectConfigurationPlatforms) = postSolution
		{EF872C3A-441A-46EF-B0E3-14DF6447F61D}.Debug|Any CPU.ActiveCfg = Debug|Any CPU
		{EF872C3A-441A-46EF-B0E3-14DF6447F61D}.Debug|Any CPU.Build.0 = Debug|Any CPU
		{EF872C3A-441A-46EF-B0E3-14DF6447F61D}.Release|Any CPU.ActiveCfg = Release|Any CPU
		{EF872C3A-441A-46EF-B0E3-14DF6447F61D}.Release|Any CPU.Build.0 = Release|Any CPU
		{21F36E7A-FD8D-4EAF-AE82-BC3502985F4C}.Debug|Any CPU.ActiveCfg = Debug|Any CPU
		{21F36E7A-FD8D-4EAF-AE82-BC3502985F4C}.Debug|Any CPU.Build.0 = Debug|Any CPU
		{21F36E7A-FD8D-4EAF-AE82-BC3502985F4C}.Release|Any CPU.ActiveCfg = Release|Any CPU
		{21F36E7A-FD8D-4EAF-AE82-BC3502985F4C}.Release|Any CPU.Build.0 = Release|Any CPU
		{647FA8BE-2971-47CA-A59A-4DE6F26284A9}.Debug|Any CPU.ActiveCfg = Debug|Any CPU
		{647FA8BE-2971-47CA-A59A-4DE6F26284A9}.Debug|Any CPU.Build.0 = Debug|Any CPU
		{647FA8BE-2971-47CA-A59A-4DE6F26284A9}.Release|Any CPU.ActiveCfg = Release|Any CPU
		{647FA8BE-2971-47CA-A59A-4DE6F26284A9}.Release|Any CPU.Build.0 = Release|Any CPU
		{88BA599E-E459-435F-96C7-F271CC931606}.Debug|Any CPU.ActiveCfg = Debug|Any CPU
		{88BA599E-E459-435F-96C7-F271CC931606}.Debug|Any CPU.Build.0 = Debug|Any CPU
		{88BA599E-E459-435F-96C7-F271CC931606}.Release|Any CPU.ActiveCfg = Release|Any CPU
		{88BA599E-E459-435F-96C7-F271CC931606}.Release|Any CPU.Build.0 = Release|Any CPU
		{E22C1CAC-1113-4C11-92FF-A81F72CBEE16}.Debug|Any CPU.ActiveCfg = Debug|Any CPU
		{E22C1CAC-1113-4C11-92FF-A81F72CBEE16}.Debug|Any CPU.Build.0 = Debug|Any CPU
		{E22C1CAC-1113-4C11-92FF-A81F72CBEE16}.Release|Any CPU.ActiveCfg = Release|Any CPU
		{E22C1CAC-1113-4C11-92FF-A81F72CBEE16}.Release|Any CPU.Build.0 = Release|Any CPU
	EndGlobalSection
	GlobalSection(SolutionProperties) = preSolution
		HideSolutionNode = FALSE
	EndGlobalSection
	GlobalSection(ExtensibilityGlobals) = postSolution
		SolutionGuid = {D0EAE1E6-704C-4561-9313-FFF7B6F268E8}
	EndGlobalSection
EndGlobal
